// !$*UTF8*$!
{
	archiveVersion = 1;
	classes = {
	};
	objectVersion = 50;
	objects = {

/* Begin PBXBuildFile section */
		68050D0620E9317C0057DEEC /* AppDelegate.swift in Sources */ = {isa = PBXBuildFile; fileRef = 68050D0520E9317C0057DEEC /* AppDelegate.swift */; };
		68050D0820E9317C0057DEEC /* ViewController.swift in Sources */ = {isa = PBXBuildFile; fileRef = 68050D0720E9317C0057DEEC /* ViewController.swift */; };
		68050D0B20E9317C0057DEEC /* Main.storyboard in Resources */ = {isa = PBXBuildFile; fileRef = 68050D0920E9317C0057DEEC /* Main.storyboard */; };
		68050D0D20E9317F0057DEEC /* Assets.xcassets in Resources */ = {isa = PBXBuildFile; fileRef = 68050D0C20E9317F0057DEEC /* Assets.xcassets */; };
		68050D1020E9317F0057DEEC /* LaunchScreen.storyboard in Resources */ = {isa = PBXBuildFile; fileRef = 68050D0E20E9317F0057DEEC /* LaunchScreen.storyboard */; };
		68050D1C20E932990057DEEC /* UIImageViewX.swift in Sources */ = {isa = PBXBuildFile; fileRef = 68050D1A20E932980057DEEC /* UIImageViewX.swift */; };
		68050D1D20E932990057DEEC /* UIButtonX.swift in Sources */ = {isa = PBXBuildFile; fileRef = 68050D1B20E932990057DEEC /* UIButtonX.swift */; };
		68A998E220E94DCD00DFCF6F /* UIViewX.swift in Sources */ = {isa = PBXBuildFile; fileRef = 68A998E120E94DCD00DFCF6F /* UIViewX.swift */; };
/* End PBXBuildFile section */

/* Begin PBXFileReference section */
		68050D0220E9317C0057DEEC /* animations2.app */ = {isa = PBXFileReference; explicitFileType = wrapper.application; includeInIndex = 0; path = animations2.app; sourceTree = BUILT_PRODUCTS_DIR; };
		68050D0520E9317C0057DEEC /* AppDelegate.swift */ = {isa = PBXFileReference; lastKnownFileType = sourcecode.swift; path = AppDelegate.swift; sourceTree = "<group>"; };
		68050D0720E9317C0057DEEC /* ViewController.swift */ = {isa = PBXFileReference; lastKnownFileType = sourcecode.swift; path = ViewController.swift; sourceTree = "<group>"; };
		68050D0A20E9317C0057DEEC /* Base */ = {isa = PBXFileReference; lastKnownFileType = file.storyboard; name = Base; path = Base.lproj/Main.storyboard; sourceTree = "<group>"; };
		68050D0C20E9317F0057DEEC /* Assets.xcassets */ = {isa = PBXFileReference; lastKnownFileType = folder.assetcatalog; path = Assets.xcassets; sourceTree = "<group>"; };
		68050D0F20E9317F0057DEEC /* Base */ = {isa = PBXFileReference; lastKnownFileType = file.storyboard; name = Base; path = Base.lproj/LaunchScreen.storyboard; sourceTree = "<group>"; };
		68050D1120E9317F0057DEEC /* Info.plist */ = {isa = PBXFileReference; lastKnownFileType = text.plist.xml; path = Info.plist; sourceTree = "<group>"; };
		68050D1A20E932980057DEEC /* UIImageViewX.swift */ = {isa = PBXFileReference; fileEncoding = 4; lastKnownFileType = sourcecode.swift; path = UIImageViewX.swift; sourceTree = "<group>"; };
		68050D1B20E932990057DEEC /* UIButtonX.swift */ = {isa = PBXFileReference; fileEncoding = 4; lastKnownFileType = sourcecode.swift; path = UIButtonX.swift; sourceTree = "<group>"; };
		68A998E120E94DCD00DFCF6F /* UIViewX.swift */ = {isa = PBXFileReference; fileEncoding = 4; lastKnownFileType = sourcecode.swift; path = UIViewX.swift; sourceTree = "<group>"; };
/* End PBXFileReference section */

/* Begin PBXFrameworksBuildPhase section */
		68050CFF20E9317C0057DEEC /* Frameworks */ = {
			isa = PBXFrameworksBuildPhase;
			buildActionMask = 2147483647;
			files = (
			);
			runOnlyForDeploymentPostprocessing = 0;
		};
/* End PBXFrameworksBuildPhase section */

/* Begin PBXGroup section */
		68050CF920E9317C0057DEEC = {
			isa = PBXGroup;
			children = (
				68050D0420E9317C0057DEEC /* animations2 */,
				68050D0320E9317C0057DEEC /* Products */,
			);
			sourceTree = "<group>";
		};
		68050D0320E9317C0057DEEC /* Products */ = {
			isa = PBXGroup;
			children = (
				68050D0220E9317C0057DEEC /* animations2.app */,
			);
			name = Products;
			sourceTree = "<group>";
		};
		68050D0420E9317C0057DEEC /* animations2 */ = {
			isa = PBXGroup;
			children = (
				68050D1920E932790057DEEC /* Model */,
				68050D1820E9326E0057DEEC /* View */,
				68050D1720E9325A0057DEEC /* Controller */,
				68050D0520E9317C0057DEEC /* AppDelegate.swift */,
				68050D0920E9317C0057DEEC /* Main.storyboard */,
				68050D0C20E9317F0057DEEC /* Assets.xcassets */,
				68050D0E20E9317F0057DEEC /* LaunchScreen.storyboard */,
				68050D1120E9317F0057DEEC /* Info.plist */,
			);
			path = animations2;
			sourceTree = "<group>";
		};
		68050D1720E9325A0057DEEC /* Controller */ = {
			isa = PBXGroup;
			children = (
				68050D0720E9317C0057DEEC /* ViewController.swift */,
			);
			path = Controller;
			sourceTree = "<group>";
		};
		68050D1820E9326E0057DEEC /* View */ = {
			isa = PBXGroup;
			children = (
				68050D1B20E932990057DEEC /* UIButtonX.swift */,
				68A998E120E94DCD00DFCF6F /* UIViewX.swift */,
				68050D1A20E932980057DEEC /* UIImageViewX.swift */,
			);
			path = View;
			sourceTree = "<group>";
		};
		68050D1920E932790057DEEC /* Model */ = {
			isa = PBXGroup;
			children = (
			);
			path = Model;
			sourceTree = "<group>";
		};
/* End PBXGroup section */

/* Begin PBXNativeTarget section */
		68050D0120E9317C0057DEEC /* animations2 */ = {
			isa = PBXNativeTarget;
			buildConfigurationList = 68050D1420E9317F0057DEEC /* Build configuration list for PBXNativeTarget "animations2" */;
			buildPhases = (
				68050CFE20E9317C0057DEEC /* Sources */,
				68050CFF20E9317C0057DEEC /* Frameworks */,
				68050D0020E9317C0057DEEC /* Resources */,
			);
			buildRules = (
			);
			dependencies = (
			);
			name = animations2;
			productName = animations2;
			productReference = 68050D0220E9317C0057DEEC /* animations2.app */;
			productType = "com.apple.product-type.application";
		};
/* End PBXNativeTarget section */

/* Begin PBXProject section */
		68050CFA20E9317C0057DEEC /* Project object */ = {
			isa = PBXProject;
			attributes = {
				LastSwiftUpdateCheck = 1000;
				LastUpgradeCheck = 1000;
				ORGANIZATIONNAME = "Raghav Vashisht";
				TargetAttributes = {
					68050D0120E9317C0057DEEC = {
						CreatedOnToolsVersion = 10.0;
					};
				};
			};
			buildConfigurationList = 68050CFD20E9317C0057DEEC /* Build configuration list for PBXProject "animations2" */;
			compatibilityVersion = "Xcode 9.3";
			developmentRegion = en;
			hasScannedForEncodings = 0;
			knownRegions = (
				en,
				Base,
			);
			mainGroup = 68050CF920E9317C0057DEEC;
			productRefGroup = 68050D0320E9317C0057DEEC /* Products */;
			projectDirPath = "";
			projectRoot = "";
			targets = (
				68050D0120E9317C0057DEEC /* animations2 */,
			);
		};
/* End PBXProject section */

/* Begin PBXResourcesBuildPhase section */
		68050D0020E9317C0057DEEC /* Resources */ = {
			isa = PBXResourcesBuildPhase;
			buildActionMask = 2147483647;
			files = (
				68050D1020E9317F0057DEEC /* LaunchScreen.storyboard in Resources */,
				68050D0D20E9317F0057DEEC /* Assets.xcassets in Resources */,
				68050D0B20E9317C0057DEEC /* Main.storyboard in Resources */,
			);
			runOnlyForDeploymentPostprocessing = 0;
		};
/* End PBXResourcesBuildPhase section */

/* Begin PBXSourcesBuildPhase section */
		68050CFE20E9317C0057DEEC /* Sources */ = {
			isa = PBXSourcesBuildPhase;
			buildActionMask = 2147483647;
			files = (
				68050D1D20E932990057DEEC /* UIButtonX.swift in Sources */,
				68050D1C20E932990057DEEC /* UIImageViewX.swift in Sources */,
				68050D0820E9317C0057DEEC /* ViewController.swift in Sources */,
				68A998E220E94DCD00DFCF6F /* UIViewX.swift in Sources */,
				68050D0620E9317C0057DEEC /* AppDelegate.swift in Sources */,
			);
			runOnlyForDeploymentPostprocessing = 0;
		};
/* End PBXSourcesBuildPhase section */

/* Begin PBXVariantGroup section */
		68050D0920E9317C0057DEEC /* Main.storyboard */ = {
			isa = PBXVariantGroup;
			children = (
				68050D0A20E9317C0057DEEC /* Base */,
			);
			name = Main.storyboard;
			sourceTree = "<group>";
		};
		68050D0E20E9317F0057DEEC /* LaunchScreen.storyboard */ = {
			isa = PBXVariantGroup;
			children = (
				68050D0F20E9317F0057DEEC /* Base */,
			);
			name = LaunchScreen.storyboard;
			sourceTree = "<group>";
		};
/* End PBXVariantGroup section */

/* Begin XCBuildConfiguration section */
		68050D1220E9317F0057DEEC /* Debug */ = {
			isa = XCBuildConfiguration;
			buildSettings = {
				ALWAYS_SEARCH_USER_PATHS = NO;
				CLANG_ANALYZER_NONNULL = YES;
				CLANG_ANALYZER_NUMBER_OBJECT_CONVERSION = YES_AGGRESSIVE;
				CLANG_CXX_LANGUAGE_STANDARD = "gnu++14";
				CLANG_CXX_LIBRARY = "libc++";
				CLANG_ENABLE_MODULES = YES;
				CLANG_ENABLE_OBJC_ARC = YES;
				CLANG_ENABLE_OBJC_WEAK = YES;
				CLANG_WARN_BLOCK_CAPTURE_AUTORELEASING = YES;
				CLANG_WARN_BOOL_CONVERSION = YES;
				CLANG_WARN_COMMA = YES;
				CLANG_WARN_CONSTANT_CONVERSION = YES;
				CLANG_WARN_DEPRECATED_OBJC_IMPLEMENTATIONS = YES;
				CLANG_WARN_DIRECT_OBJC_ISA_USAGE = YES_ERROR;
				CLANG_WARN_DOCUMENTATION_COMMENTS = YES;
				CLANG_WARN_EMPTY_BODY = YES;
				CLANG_WARN_ENUM_CONVERSION = YES;
				CLANG_WARN_INFINITE_RECURSION = YES;
				CLANG_WARN_INT_CONVERSION = YES;
				CLANG_WARN_NON_LITERAL_NULL_CONVERSION = YES;
				CLANG_WARN_OBJC_IMPLICIT_RETAIN_SELF = YES;
				CLANG_WARN_OBJC_LITERAL_CONVERSION = YES;
				CLANG_WARN_OBJC_ROOT_CLASS = YES_ERROR;
				CLANG_WARN_RANGE_LOOP_ANALYSIS = YES;
				CLANG_WARN_STRICT_PROTOTYPES = YES;
				CLANG_WARN_SUSPICIOUS_MOVE = YES;
				CLANG_WARN_UNGUARDED_AVAILABILITY = YES_AGGRESSIVE;
				CLANG_WARN_UNREACHABLE_CODE = YES;
				CLANG_WARN__DUPLICATE_METHOD_MATCH = YES;
				CODE_SIGN_IDENTITY = "iPhone Developer";
				COPY_PHASE_STRIP = NO;
				DEBUG_INFORMATION_FORMAT = dwarf;
				ENABLE_STRICT_OBJC_MSGSEND = YES;
				ENABLE_TESTABILITY = YES;
				GCC_C_LANGUAGE_STANDARD = gnu11;
				GCC_DYNAMIC_NO_PIC = NO;
				GCC_NO_COMMON_BLOCKS = YES;
				GCC_OPTIMIZATION_LEVEL = 0;
				GCC_PREPROCESSOR_DEFINITIONS = (
					"DEBUG=1",
					"$(inherited)",
				);
				GCC_WARN_64_TO_32_BIT_CONVERSION = YES;
				GCC_WARN_ABOUT_RETURN_TYPE = YES_ERROR;
				GCC_WARN_UNDECLARED_SELECTOR = YES;
				GCC_WARN_UNINITIALIZED_AUTOS = YES_AGGRESSIVE;
				GCC_WARN_UNUSED_FUNCTION = YES;
				GCC_WARN_UNUSED_VARIABLE = YES;
				IPHONEOS_DEPLOYMENT_TARGET = 12.0;
				MTL_ENABLE_DEBUG_INFO = INCLUDE_SOURCE;
				ONLY_ACTIVE_ARCH = YES;
				SDKROOT = iphoneos;
				SWIFT_ACTIVE_COMPILATION_CONDITIONS = DEBUG;
				SWIFT_OPTIMIZATION_LEVEL = "-Onone";
			};
			name = Debug;
		};
		68050D1320E9317F0057DEEC /* Release */ = {
			isa = XCBuildConfiguration;
			buildSettings = {
				ALWAYS_SEARCH_USER_PATHS = NO;
				CLANG_ANALYZER_NONNULL = YES;
				CLANG_ANALYZER_NUMBER_OBJECT_CONVERSION = YES_AGGRESSIVE;
				CLANG_CXX_LANGUAGE_STANDARD = "gnu++14";
				CLANG_CXX_LIBRARY = "libc++";
				CLANG_ENABLE_MODULES = YES;
				CLANG_ENABLE_OBJC_ARC = YES;
				CLANG_ENABLE_OBJC_WEAK = YES;
				CLANG_WARN_BLOCK_CAPTURE_AUTORELEASING = YES;
				CLANG_WARN_BOOL_CONVERSION = YES;
				CLANG_WARN_COMMA = YES;
				CLANG_WARN_CONSTANT_CONVERSION = YES;
				CLANG_WARN_DEPRECATED_OBJC_IMPLEMENTATIONS = YES;
				CLANG_WARN_DIRECT_OBJC_ISA_USAGE = YES_ERROR;
				CLANG_WARN_DOCUMENTATION_COMMENTS = YES;
				CLANG_WARN_EMPTY_BODY = YES;
				CLANG_WARN_ENUM_CONVERSION = YES;
				CLANG_WARN_INFINITE_RECURSION = YES;
				CLANG_WARN_INT_CONVERSION = YES;
				CLANG_WARN_NON_LITERAL_NULL_CONVERSION = YES;
				CLANG_WARN_OBJC_IMPLICIT_RETAIN_SELF = YES;
				CLANG_WARN_OBJC_LITERAL_CONVERSION = YES;
				CLANG_WARN_OBJC_ROOT_CLASS = YES_ERROR;
				CLANG_WARN_RANGE_LOOP_ANALYSIS = YES;
				CLANG_WARN_STRICT_PROTOTYPES = YES;
				CLANG_WARN_SUSPICIOUS_MOVE = YES;
				CLANG_WARN_UNGUARDED_AVAILABILITY = YES_AGGRESSIVE;
				CLANG_WARN_UNREACHABLE_CODE = YES;
				CLANG_WARN__DUPLICATE_METHOD_MATCH = YES;
				CODE_SIGN_IDENTITY = "iPhone Developer";
				COPY_PHASE_STRIP = NO;
				DEBUG_INFORMATION_FORMAT = "dwarf-with-dsym";
				ENABLE_NS_ASSERTIONS = NO;
				ENABLE_STRICT_OBJC_MSGSEND = YES;
				GCC_C_LANGUAGE_STANDARD = gnu11;
				GCC_NO_COMMON_BLOCKS = YES;
				GCC_WARN_64_TO_32_BIT_CONVERSION = YES;
				GCC_WARN_ABOUT_RETURN_TYPE = YES_ERROR;
				GCC_WARN_UNDECLARED_SELECTOR = YES;
				GCC_WARN_UNINITIALIZED_AUTOS = YES_AGGRESSIVE;
				GCC_WARN_UNUSED_FUNCTION = YES;
				GCC_WARN_UNUSED_VARIABLE = YES;
				IPHONEOS_DEPLOYMENT_TARGET = 12.0;
				MTL_ENABLE_DEBUG_INFO = NO;
				SDKROOT = iphoneos;
				SWIFT_COMPILATION_MODE = wholemodule;
				SWIFT_OPTIMIZATION_LEVEL = "-O";
				VALIDATE_PRODUCT = YES;
			};
			name = Release;
		};
		68050D1520E9317F0057DEEC /* Debug */ = {
			isa = XCBuildConfiguration;
			buildSettings = {
				ASSETCATALOG_COMPILER_APPICON_NAME = AppIcon;
				CODE_SIGN_STYLE = Automatic;
				DEVELOPMENT_TEAM = Z3BGLCCPGN;
				INFOPLIST_FILE = animations2/Info.plist;
				LD_RUNPATH_SEARCH_PATHS = (
					"$(inherited)",
					"@executable_path/Frameworks",
				);
				PRODUCT_BUNDLE_IDENTIFIER = com.vashishtapps.animations2;
				PRODUCT_NAME = "$(TARGET_NAME)";
				SWIFT_VERSION = 4.2;
				TARGETED_DEVICE_FAMILY = "1,2";
			};
			name = Debug;
		};
		68050D1620E9317F0057DEEC /* Release */ = {
			isa = XCBuildConfiguration;
			buildSettings = {
				ASSETCATALOG_COMPILER_APPICON_NAME = AppIcon;
				CODE_SIGN_STYLE = Automatic;
				DEVELOPMENT_TEAM = Z3BGLCCPGN;
				INFOPLIST_FILE = animations2/Info.plist;
				LD_RUNPATH_SEARCH_PATHS = (
					"$(inherited)",
					"@executable_path/Frameworks",
				);
				PRODUCT_BUNDLE_IDENTIFIER = com.vashishtapps.animations2;
				PRODUCT_NAME = "$(TARGET_NAME)";
				SWIFT_VERSION = 4.2;
				TARGETED_DEVICE_FAMILY = "1,2";
			};
			name = Release;
		};
/* End XCBuildConfiguration section */

/* Begin XCConfigurationList section */
		68050CFD20E9317C0057DEEC /* Build configuration list for PBXProject "animations2" */ = {
			isa = XCConfigurationList;
			buildConfigurations = (
				68050D1220E9317F0057DEEC /* Debug */,
				68050D1320E9317F0057DEEC /* Release */,
			);
			defaultConfigurationIsVisible = 0;
			defaultConfigurationName = Release;
		};
		68050D1420E9317F0057DEEC /* Build configuration list for PBXNativeTarget "animations2" */ = {
			isa = XCConfigurationList;
			buildConfigurations = (
				68050D1520E9317F0057DEEC /* Debug */,
				68050D1620E9317F0057DEEC /* Release */,
			);
			defaultConfigurationIsVisible = 0;
			defaultConfigurationName = Release;
		};
/* End XCConfigurationList section */
	};
	rootObject = 68050CFA20E9317C0057DEEC /* Project object */;
}
